{"1.2.0",
[{<<"base64url">>,{pkg,<<"base64url">>,<<"1.0.1">>},1},
 {<<"cache_tab">>,{pkg,<<"cache_tab">>,<<"1.0.33">>},0},
 {<<"eimp">>,{pkg,<<"eimp">>,<<"1.0.26">>},0},
 {<<"erlydtl">>,{pkg,<<"erlydtl">>,<<"0.14.0">>},0},
 {<<"ezlib">>,{pkg,<<"ezlib">>,<<"1.0.15">>},0},
 {<<"fast_tls">>,{pkg,<<"fast_tls">>,<<"1.1.25">>},0},
 {<<"fast_xml">>,{pkg,<<"fast_xml">>,<<"1.1.57">>},0},
 {<<"fast_yaml">>,{pkg,<<"fast_yaml">>,<<"1.0.39">>},0},
 {<<"goldrush">>,{pkg,<<"goldrush">>,<<"0.1.9">>},2},
 {<<"idna">>,{pkg,<<"idna">>,<<"6.1.1">>},0},
 {<<"jiffy">>,{pkg,<<"jiffy">>,<<"1.1.2">>},0},
 {<<"jose">>,{pkg,<<"jose">>,<<"1.11.10">>},0},
 {<<"kerlberos">>,
  {git,"https://github.com/adrasmussen/kerlberos",
       {ref,"f59ed0d525673d222d159e6ba9af749b9d495614"}},
  0},
 {<<"lager">>,{pkg,<<"lager">>,<<"3.9.2">>},1},
 {<<"mqtree">>,{pkg,<<"mqtree">>,<<"1.0.19">>},0},
 {<<"msrpce">>,{pkg,<<"msrpce">>,<<"0.1.1">>},1},
 {<<"neotoma">>,{pkg,<<"neotoma">>,<<"1.7.3">>},1},
 {<<"p1_acme">>,{pkg,<<"p1_acme">>,<<"1.0.30">>},0},
 {<<"p1_oauth2">>,{pkg,<<"p1_oauth2">>,<<"0.6.14">>},0},
 {<<"p1_utils">>,{pkg,<<"p1_utils">>,<<"1.0.28">>},0},
 {<<"pbkdf2">>,{pkg,<<"mc_pbkdf2">>,<<"2.2.1">>},1},
 {<<"pkix">>,{pkg,<<"pkix">>,<<"1.0.10">>},0},
 {<<"stringprep">>,{pkg,<<"stringprep">>,<<"1.0.33">>},0},
 {<<"stun">>,{pkg,<<"stun">>,<<"1.2.21">>},0},
 {<<"unicode_util_compat">>,{pkg,<<"unicode_util_compat">>,<<"0.7.1">>},1},
 {<<"xmpp">>,{pkg,<<"xmpp">>,<<"1.12.0">>},0},
 {<<"yconf">>,{pkg,<<"yconf">>,<<"1.0.22">>},0}]}.
[
{pkg_hash,[
 {<<"base64url">>, <<"F8C7F2DA04CA9A5D0F5F50258F055E1D699F0E8BF4CFDB30B750865368403CF6">>},
 {<<"cache_tab">>, <<"E2542AFB34F17EE3CA19D2B0F546A074922C2B99FB6B2ACFB38160D7D0336EC3">>},
 {<<"eimp">>, <<"C0B05F32E35629C4D9BCFB832FF879A92B0F92B19844BC7835E0A45635F2899A">>},
 {<<"erlydtl">>, <<"964B2DC84F8C17ACFAA69C59BA129EF26AC45D2BA898C3C6AD9B5BDC8BA13CED">>},
 {<<"ezlib">>, <<"D74F5DF191784744726A5B1AE9062522C606334F11086363385EB3B772D91357">>},
 {<<"fast_tls">>, <<"DA8ED6F05A2452121B087158B17234749F36704C1F2B74DC51DB99A1E27ED5E8">>},
 {<<"fast_xml">>, <<"31EFC0F9BCEDA92069704F7A25830407DA5DC3DAD1272B810D6F2E13E73CC11A">>},
 {<<"fast_yaml">>, <<"2E71168091949BAB0E5F583B340A99072B4D22D93EB86624E7850A12B1517BE4">>},
 {<<"goldrush">>, <<"F06E5D5F1277DA5C413E84D5A2924174182FB108DABB39D5EC548B27424CD106">>},
 {<<"idna">>, <<"8A63070E9F7D0C62EB9D9FCB360A7DE382448200FBBD1B106CC96D3D8099DF8D">>},
 {<<"jiffy">>, <<"A9B6C9A7EC268E7CF493D028F0A4C9144F59CCB878B1AFE42841597800840A1B">>},
 {<<"jose">>, <<"A903F5227417BD2A08C8A00A0CBCC458118BE84480955E8D251297A425723F83">>},
 {<<"lager">>, <<"4CAB289120EB24964E3886BD22323CB5FEFE4510C076992A23AD18CF85413D8C">>},
 {<<"mqtree">>, <<"D769C25F898810725FC7DB0DBFFE5F72098647048B1BE2E6D772F1C2F31D8476">>},
 {<<"msrpce">>, <<"D8A29C7F393DB3DBAEF15AEE54B4F82AA39A866561B368A56ACF56E44A803273">>},
 {<<"neotoma">>, <<"D8BD5404B73273989946E4F4F6D529E5C2088F5FA1CA790B4DBE81F4BE408E61">>},
 {<<"p1_acme">>, <<"8CE900DAC15E53983B96925FBFF0B519D85322FDC0A7479B7C6701D44BE664C1">>},
 {<<"p1_oauth2">>, <<"1C5F82535574DE87E2059695AC4B91F8F9AEBACBC1C80287DAE6F02552D47AEA">>},
 {<<"p1_utils">>, <<"9A7088A98D788B4C4880FD3C82D0C135650DB13F2E4EF7E10DB179791BC94D59">>},
 {<<"pbkdf2">>, <<"D1AEA1C21BF4388B0BD5A5EE91B71B5001E8F470C8FD6542D9FCC62A593D39FF">>},
 {<<"pkix">>, <<"D3BFADF7B7CFE2A3636F1B256C9CCE5F646A07CE31E57EE527668502850765A0">>},
 {<<"stringprep">>, <<"22F42866B4F6F3C238EA2B9CB6241791184DDEDBAB55E94A025511F46325F3CA">>},
 {<<"stun">>, <<"735855314AD22CB7816B88597D2F5CA22E24AA5E4D6010A0EF3AFFB33CEED6A5">>},
 {<<"unicode_util_compat">>, <<"A48703A25C170EEDADCA83B11E88985AF08D35F37C6F664D6DCFB106A97782FC">>},
 {<<"xmpp">>, <<"5A583FE1122F013310147CB7F36BD75DE8A4EF0A836487826BF1A9F53403792E">>},
 {<<"yconf">>, <<"52A435F9B60AB1E13950DFE3F7131ECDD8B3D1CA72C44BF66FC74B4571027124">>}]},
{pkg_hash_ext,[
 {<<"base64url">>, <<"F9B3ADD4731A02A9B0410398B475B33E7566A695365237A6BDEE1BB447719F5C">>},
 {<<"cache_tab">>, <<"4258009EB050B22AABE0C848E230BBA58401A6895C58C2FF74DFB635E3C35900">>},
 {<<"eimp">>, <<"D96D4E8572B9DFC40F271E47F0CB1D8849373BC98A21223268781765ED52044C">>},
 {<<"erlydtl">>, <<"D80EC044CD8F58809C19D29AC5605BE09E955040911B644505E31E9DD8143431">>},
 {<<"ezlib">>, <<"DD14BA6C12521AF5CFE6923E73E3D545F4A0897DC66BFAB5287FBB7AE3962EAB">>},
 {<<"fast_tls">>, <<"59E183B5740E670E02B8AA6BE673B5E7779E5FE5BFCC679FE2D4993D1949A821">>},
 {<<"fast_xml">>, <<"EEC34E90ADACAFE467D5DDAB635A014DED73B98B4061554B2D1972173D929C39">>},
 {<<"fast_yaml">>, <<"24C7B9AB9E2B9269D64E45F4A2A1280966ADB17D31E63365CFD3EE277FB0A78D">>},
 {<<"goldrush">>, <<"99CB4128CFFCB3227581E5D4D803D5413FA643F4EB96523F77D9E6937D994CEB">>},
 {<<"idna">>, <<"92376EB7894412ED19AC475E4A86F7B413C1B9FBB5BD16DCCD57934157944CEA">>},
 {<<"jiffy">>, <<"BB61BC42A720BBD33CB09A410E48BB79A61012C74CB8B3E75F26D988485CF381">>},
 {<<"jose">>, <<"0D6CD36FF8BA174DB29148FC112B5842186B68A90CE9FC2B3EC3AFE76593E614">>},
 {<<"lager">>, <<"7F904D9E87A8CB7E66156ED31768D1C8E26EBA1D54F4BC85B1AA4AC1F6340C28">>},
 {<<"mqtree">>, <<"C81065715C49A1882812F80A5AE2D842E80DD3F2D130530DF35990248BF8CE3C">>},
 {<<"msrpce">>, <<"969A0B52931A9AA3C90C8E0608D70428FE2E34C0A97C4FD9451B1B6ABA94DA04">>},
 {<<"neotoma">>, <<"2DA322B9B1567FFA0706A7F30F6BBBDE70835AE44A1050615F4B4A3D436E0F28">>},
 {<<"p1_acme">>, <<"2935E20916B806D3B1166953A4D90A690FD80781096140FE5CA1F65D59EBD68A">>},
 {<<"p1_oauth2">>, <<"1FD3AC474E43722D9D5A87C6DF8D36F698ED87AF7BB81CBBB66361451D99AE8F">>},
 {<<"p1_utils">>, <<"C49BD44BC4A40AD996691AF826DD7E0AA56D4D0CD730817190A1F84D1A7F0033">>},
 {<<"pbkdf2">>, <<"2D96A60724156A270F4583964739BD253BE1B69491E342E5A1E56FECC76D1921">>},
 {<<"pkix">>, <<"E02164F83094CB124C41B1AB28988A615D54B9ADC38575F00F19A597A3AC5D0E">>},
 {<<"stringprep">>, <<"96F8B30BC50887F605B33B46BCA1D248C19A879319B8C482790E3B4DA5DA98C0">>},
 {<<"stun">>, <<"3D7FE8EFB9D05B240A6AA9A6BF8B8B7BFF2D802895D170443C588987DC1E12D9">>},
 {<<"unicode_util_compat">>, <<"B3A917854CE3AE233619744AD1E0102E05673136776FB2FA76234F3E03B23642">>},
 {<<"xmpp">>, <<"014BAE73659FBA256771EB007BC5348618AC727DD1D10B9AB15A9FEF871622C8">>},
 {<<"yconf">>, <<"ACA83457CEABE70756484B5C87BA7B1955F511D499168687EAEAA7C300E857F1">>}]}
].
